
Microsoft Visual Studio Solution File, Format Version 12.00
# Visual Studio Version 16
VisualStudioVersion = 16.0.30413.136
MinimumVisualStudioVersion = 10.0.40219.1
Project("{FAE04EC0-301F-11D3-BF4B-00C04F79EFBC}") = "2000Years_BlazorRelease", "2000Years_BlazorRelease.csproj", "{E3C003E2-91BA-4F51-8D09-F9BFC04C4A9F}"
EndProject
Global
	GlobalSection(SolutionConfigurationPlatforms) = preSolution
		Debug|Any CPU = Debug|Any CPU
		Release|Any CPU = Release|Any CPU
	EndGlobalSection
	GlobalSection(ProjectConfigurationPlatforms) = postSolution
		{E3C003E2-91BA-4F51-8D09-F9BFC04C4A9F}.Debug|Any CPU.ActiveCfg = Debug|Any CPU
		{E3C003E2-91BA-4F51-8D09-F9BFC04C4A9F}.Debug|Any CPU.Build.0 = Debug|Any CPU
		{E3C003E2-91BA-4F51-8D09-F9BFC04C4A9F}.Release|Any CPU.ActiveCfg = Release|Any CPU
		{E3C003E2-91BA-4F51-8D09-F9BFC04C4A9F}.Release|Any CPU.Build.0 = Release|Any CPU
	EndGlobalSection
	GlobalSection(SolutionProperties) = preSolution
		HideSolutionNode = FALSE
	EndGlobalSection
	GlobalSection(ExtensibilityGlobals) = postSolution
		SolutionGuid = {960CAE56-EC03-456E-8A99-11CAF0CFD4C0}
	EndGlobalSection
EndGlobal
